
Microsoft Visual Studio Solution File, Format Version 12.00
# Visual Studio Version 17
VisualStudioVersion = 17.12.35527.113 d17.12
MinimumVisualStudioVersion = 10.0.40219.1
Project("{FAE04EC0-301F-11D3-BF4B-00C04F79EFBC}") = "advent-of-code-2024", "advent-of-code-2024\advent-of-code-2024.csproj", "{58A8E916-AB6C-4DC5-8A34-BBF49A26AAAC}"
EndProject
Global
	GlobalSection(SolutionConfigurationPlatforms) = preSolution
		Debug|Any CPU = Debug|Any CPU
		Release|Any CPU = Release|Any CPU
	EndGlobalSection
	GlobalSection(ProjectConfigurationPlatforms) = postSolution
		{58A8E916-AB6C-4DC5-8A34-BBF49A26AAAC}.Debug|Any CPU.ActiveCfg = Debug|Any CPU
		{58A8E916-AB6C-4DC5-8A34-BBF49A26AAAC}.Debug|Any CPU.Build.0 = Debug|Any CPU
		{58A8E916-AB6C-4DC5-8A34-BBF49A26AAAC}.Release|Any CPU.ActiveCfg = Release|Any CPU
		{58A8E916-AB6C-4DC5-8A34-BBF49A26AAAC}.Release|Any CPU.Build.0 = Release|Any CPU
	EndGlobalSection
	GlobalSection(SolutionProperties) = preSolution
		HideSolutionNode = FALSE
	EndGlobalSection
EndGlobal
